// !$*UTF8*$!
{
	archiveVersion = 1;
	classes = {
	};
	objectVersion = 56;
	objects = {

/* Begin PBXBuildFile section */
		3E16938E2B456B6F0066FF32 /* AppDelegate.swift in Sources */ = {isa = PBXBuildFile; fileRef = 3E16938D2B456B6F0066FF32 /* AppDelegate.swift */; };
		3E1693902B456B6F0066FF32 /* SceneDelegate.swift in Sources */ = {isa = PBXBuildFile; fileRef = 3E16938F2B456B6F0066FF32 /* SceneDelegate.swift */; };
		3E1693952B456B6F0066FF32 /* Main.storyboard in Resources */ = {isa = PBXBuildFile; fileRef = 3E1693932B456B6F0066FF32 /* Main.storyboard */; };
		3E1693972B456B710066FF32 /* Assets.xcassets in Resources */ = {isa = PBXBuildFile; fileRef = 3E1693962B456B710066FF32 /* Assets.xcassets */; };
		3E16939A2B456B710066FF32 /* LaunchScreen.storyboard in Resources */ = {isa = PBXBuildFile; fileRef = 3E1693982B456B710066FF32 /* LaunchScreen.storyboard */; };
		3E1693A22B456C7E0066FF32 /* AlertListViewController.swift in Sources */ = {isa = PBXBuildFile; fileRef = 3E1693A12B456C7E0066FF32 /* AlertListViewController.swift */; };
		3E1693A52B456E2A0066FF32 /* AlertListCell.swift in Sources */ = {isa = PBXBuildFile; fileRef = 3E1693A32B456E2A0066FF32 /* AlertListCell.swift */; };
		3E1693A62B456E2A0066FF32 /* AlertListCell.xib in Resources */ = {isa = PBXBuildFile; fileRef = 3E1693A42B456E2A0066FF32 /* AlertListCell.xib */; };
		3E1693A82B45726E0066FF32 /* Alert.swift in Sources */ = {isa = PBXBuildFile; fileRef = 3E1693A72B45726E0066FF32 /* Alert.swift */; };
		3E1693AA2B45769E0066FF32 /* AddAlertViewController.swift in Sources */ = {isa = PBXBuildFile; fileRef = 3E1693A92B45769E0066FF32 /* AddAlertViewController.swift */; };
		3E1693AF2B45938C0066FF32 /* locationCell.swift in Sources */ = {isa = PBXBuildFile; fileRef = 3E1693AD2B45938C0066FF32 /* locationCell.swift */; };
		3E1693B22B4599EB0066FF32 /* FindLocationViewController.swift in Sources */ = {isa = PBXBuildFile; fileRef = 3E1693B12B4599EB0066FF32 /* FindLocationViewController.swift */; };
		3E1693B42B45A5960066FF32 /* Marker.swift in Sources */ = {isa = PBXBuildFile; fileRef = 3E1693B32B45A5960066FF32 /* Marker.swift */; };
		3E1693B62B45B4BE0066FF32 /* AllMarkViewController.swift in Sources */ = {isa = PBXBuildFile; fileRef = 3E1693B52B45B4BE0066FF32 /* AllMarkViewController.swift */; };
		3E4DF6652B4636900030B290 /* UNNotificationCenter.swift in Sources */ = {isa = PBXBuildFile; fileRef = 3E4DF6642B4636900030B290 /* UNNotificationCenter.swift */; };
/* End PBXBuildFile section */

/* Begin PBXFileReference section */
		3E16938A2B456B6F0066FF32 /* Eodiyeo.app */ = {isa = PBXFileReference; explicitFileType = wrapper.application; includeInIndex = 0; path = Eodiyeo.app; sourceTree = BUILT_PRODUCTS_DIR; };
		3E16938D2B456B6F0066FF32 /* AppDelegate.swift */ = {isa = PBXFileReference; lastKnownFileType = sourcecode.swift; path = AppDelegate.swift; sourceTree = "<group>"; };
		3E16938F2B456B6F0066FF32 /* SceneDelegate.swift */ = {isa = PBXFileReference; lastKnownFileType = sourcecode.swift; path = SceneDelegate.swift; sourceTree = "<group>"; };
		3E1693942B456B6F0066FF32 /* Base */ = {isa = PBXFileReference; lastKnownFileType = file.storyboard; name = Base; path = Base.lproj/Main.storyboard; sourceTree = "<group>"; };
		3E1693962B456B710066FF32 /* Assets.xcassets */ = {isa = PBXFileReference; lastKnownFileType = folder.assetcatalog; path = Assets.xcassets; sourceTree = "<group>"; };
		3E1693992B456B710066FF32 /* Base */ = {isa = PBXFileReference; lastKnownFileType = file.storyboard; name = Base; path = Base.lproj/LaunchScreen.storyboard; sourceTree = "<group>"; };
		3E16939B2B456B710066FF32 /* Info.plist */ = {isa = PBXFileReference; lastKnownFileType = text.plist.xml; path = Info.plist; sourceTree = "<group>"; };
		3E1693A12B456C7E0066FF32 /* AlertListViewController.swift */ = {isa = PBXFileReference; lastKnownFileType = sourcecode.swift; path = AlertListViewController.swift; sourceTree = "<group>"; };
		3E1693A32B456E2A0066FF32 /* AlertListCell.swift */ = {isa = PBXFileReference; lastKnownFileType = sourcecode.swift; path = AlertListCell.swift; sourceTree = "<group>"; };
		3E1693A42B456E2A0066FF32 /* AlertListCell.xib */ = {isa = PBXFileReference; lastKnownFileType = file.xib; path = AlertListCell.xib; sourceTree = "<group>"; };
		3E1693A72B45726E0066FF32 /* Alert.swift */ = {isa = PBXFileReference; lastKnownFileType = sourcecode.swift; path = Alert.swift; sourceTree = "<group>"; };
		3E1693A92B45769E0066FF32 /* AddAlertViewController.swift */ = {isa = PBXFileReference; lastKnownFileType = sourcecode.swift; path = AddAlertViewController.swift; sourceTree = "<group>"; };
		3E1693AD2B45938C0066FF32 /* locationCell.swift */ = {isa = PBXFileReference; lastKnownFileType = sourcecode.swift; path = locationCell.swift; sourceTree = "<group>"; };
		3E1693B12B4599EB0066FF32 /* FindLocationViewController.swift */ = {isa = PBXFileReference; lastKnownFileType = sourcecode.swift; path = FindLocationViewController.swift; sourceTree = "<group>"; };
		3E1693B32B45A5960066FF32 /* Marker.swift */ = {isa = PBXFileReference; lastKnownFileType = sourcecode.swift; path = Marker.swift; sourceTree = "<group>"; };
		3E1693B52B45B4BE0066FF32 /* AllMarkViewController.swift */ = {isa = PBXFileReference; lastKnownFileType = sourcecode.swift; path = AllMarkViewController.swift; sourceTree = "<group>"; };
		3E4DF6642B4636900030B290 /* UNNotificationCenter.swift */ = {isa = PBXFileReference; lastKnownFileType = sourcecode.swift; path = UNNotificationCenter.swift; sourceTree = "<group>"; };
/* End PBXFileReference section */

/* Begin PBXFrameworksBuildPhase section */
		3E1693872B456B6F0066FF32 /* Frameworks */ = {
			isa = PBXFrameworksBuildPhase;
			buildActionMask = 2147483647;
			files = (
			);
			runOnlyForDeploymentPostprocessing = 0;
		};
/* End PBXFrameworksBuildPhase section */

/* Begin PBXGroup section */
		3E1693812B456B6F0066FF32 = {
			isa = PBXGroup;
			children = (
				3E16938C2B456B6F0066FF32 /* Eodiyeo */,
				3E16938B2B456B6F0066FF32 /* Products */,
			);
			sourceTree = "<group>";
		};
		3E16938B2B456B6F0066FF32 /* Products */ = {
			isa = PBXGroup;
			children = (
				3E16938A2B456B6F0066FF32 /* Eodiyeo.app */,
			);
			name = Products;
			sourceTree = "<group>";
		};
		3E16938C2B456B6F0066FF32 /* Eodiyeo */ = {
			isa = PBXGroup;
			children = (
				3E16938D2B456B6F0066FF32 /* AppDelegate.swift */,
				3E16938F2B456B6F0066FF32 /* SceneDelegate.swift */,
				3E1693932B456B6F0066FF32 /* Main.storyboard */,
				3E1693962B456B710066FF32 /* Assets.xcassets */,
				3E1693982B456B710066FF32 /* LaunchScreen.storyboard */,
				3E16939B2B456B710066FF32 /* Info.plist */,
				3E4DF6642B4636900030B290 /* UNNotificationCenter.swift */,
				3E1693A12B456C7E0066FF32 /* AlertListViewController.swift */,
				3E1693A92B45769E0066FF32 /* AddAlertViewController.swift */,
				3E1693B12B4599EB0066FF32 /* FindLocationViewController.swift */,
				3E1693B52B45B4BE0066FF32 /* AllMarkViewController.swift */,
				3E1693A32B456E2A0066FF32 /* AlertListCell.swift */,
				3E1693A42B456E2A0066FF32 /* AlertListCell.xib */,
				3E1693A72B45726E0066FF32 /* Alert.swift */,
				3E1693AD2B45938C0066FF32 /* locationCell.swift */,
				3E1693B32B45A5960066FF32 /* Marker.swift */,
			);
			path = Eodiyeo;
			sourceTree = "<group>";
		};
/* End PBXGroup section */

/* Begin PBXNativeTarget section */
		3E1693892B456B6F0066FF32 /* Eodiyeo */ = {
			isa = PBXNativeTarget;
			buildConfigurationList = 3E16939E2B456B710066FF32 /* Build configuration list for PBXNativeTarget "Eodiyeo" */;
			buildPhases = (
				3E1693862B456B6F0066FF32 /* Sources */,
				3E1693872B456B6F0066FF32 /* Frameworks */,
				3E1693882B456B6F0066FF32 /* Resources */,
			);
			buildRules = (
			);
			dependencies = (
			);
			name = Eodiyeo;
			productName = Eodiyeo;
			productReference = 3E16938A2B456B6F0066FF32 /* Eodiyeo.app */;
			productType = "com.apple.product-type.application";
		};
/* End PBXNativeTarget section */

/* Begin PBXProject section */
		3E1693822B456B6F0066FF32 /* Project object */ = {
			isa = PBXProject;
			attributes = {
				BuildIndependentTargetsInParallel = 1;
				LastSwiftUpdateCheck = 1510;
				LastUpgradeCheck = 1510;
				TargetAttributes = {
					3E1693892B456B6F0066FF32 = {
						CreatedOnToolsVersion = 15.1;
					};
				};
			};
			buildConfigurationList = 3E1693852B456B6F0066FF32 /* Build configuration list for PBXProject "Eodiyeo" */;
			compatibilityVersion = "Xcode 14.0";
			developmentRegion = en;
			hasScannedForEncodings = 0;
			knownRegions = (
				en,
				Base,
			);
			mainGroup = 3E1693812B456B6F0066FF32;
			productRefGroup = 3E16938B2B456B6F0066FF32 /* Products */;
			projectDirPath = "";
			projectRoot = "";
			targets = (
				3E1693892B456B6F0066FF32 /* Eodiyeo */,
			);
		};
/* End PBXProject section */

/* Begin PBXResourcesBuildPhase section */
		3E1693882B456B6F0066FF32 /* Resources */ = {
			isa = PBXResourcesBuildPhase;
			buildActionMask = 2147483647;
			files = (
				3E16939A2B456B710066FF32 /* LaunchScreen.storyboard in Resources */,
				3E1693972B456B710066FF32 /* Assets.xcassets in Resources */,
				3E1693A62B456E2A0066FF32 /* AlertListCell.xib in Resources */,
				3E1693952B456B6F0066FF32 /* Main.storyboard in Resources */,
			);
			runOnlyForDeploymentPostprocessing = 0;
		};
/* End PBXResourcesBuildPhase section */

/* Begin PBXSourcesBuildPhase section */
		3E1693862B456B6F0066FF32 /* Sources */ = {
			isa = PBXSourcesBuildPhase;
			buildActionMask = 2147483647;
			files = (
				3E16938E2B456B6F0066FF32 /* AppDelegate.swift in Sources */,
				3E1693902B456B6F0066FF32 /* SceneDelegate.swift in Sources */,
				3E1693B62B45B4BE0066FF32 /* AllMarkViewController.swift in Sources */,
				3E1693A52B456E2A0066FF32 /* AlertListCell.swift in Sources */,
				3E1693B22B4599EB0066FF32 /* FindLocationViewController.swift in Sources */,
				3E1693A82B45726E0066FF32 /* Alert.swift in Sources */,
				3E1693A22B456C7E0066FF32 /* AlertListViewController.swift in Sources */,
				3E4DF6652B4636900030B290 /* UNNotificationCenter.swift in Sources */,
				3E1693AF2B45938C0066FF32 /* locationCell.swift in Sources */,
				3E1693AA2B45769E0066FF32 /* AddAlertViewController.swift in Sources */,
				3E1693B42B45A5960066FF32 /* Marker.swift in Sources */,
			);
			runOnlyForDeploymentPostprocessing = 0;
		};
/* End PBXSourcesBuildPhase section */

/* Begin PBXVariantGroup section */
		3E1693932B456B6F0066FF32 /* Main.storyboard */ = {
			isa = PBXVariantGroup;
			children = (
				3E1693942B456B6F0066FF32 /* Base */,
			);
			name = Main.storyboard;
			sourceTree = "<group>";
		};
		3E1693982B456B710066FF32 /* LaunchScreen.storyboard */ = {
			isa = PBXVariantGroup;
			children = (
				3E1693992B456B710066FF32 /* Base */,
			);
			name = LaunchScreen.storyboard;
			sourceTree = "<group>";
		};
/* End PBXVariantGroup section */

/* Begin XCBuildConfiguration section */
		3E16939C2B456B710066FF32 /* Debug */ = {
			isa = XCBuildConfiguration;
			buildSettings = {
				ALWAYS_SEARCH_USER_PATHS = NO;
				ASSETCATALOG_COMPILER_GENERATE_SWIFT_ASSET_SYMBOL_EXTENSIONS = YES;
				CLANG_ANALYZER_NONNULL = YES;
				CLANG_ANALYZER_NUMBER_OBJECT_CONVERSION = YES_AGGRESSIVE;
				CLANG_CXX_LANGUAGE_STANDARD = "gnu++20";
				CLANG_ENABLE_MODULES = YES;
				CLANG_ENABLE_OBJC_ARC = YES;
				CLANG_ENABLE_OBJC_WEAK = YES;
				CLANG_WARN_BLOCK_CAPTURE_AUTORELEASING = YES;
				CLANG_WARN_BOOL_CONVERSION = YES;
				CLANG_WARN_COMMA = YES;
				CLANG_WARN_CONSTANT_CONVERSION = YES;
				CLANG_WARN_DEPRECATED_OBJC_IMPLEMENTATIONS = YES;
				CLANG_WARN_DIRECT_OBJC_ISA_USAGE = YES_ERROR;
				CLANG_WARN_DOCUMENTATION_COMMENTS = YES;
				CLANG_WARN_EMPTY_BODY = YES;
				CLANG_WARN_ENUM_CONVERSION = YES;
				CLANG_WARN_INFINITE_RECURSION = YES;
				CLANG_WARN_INT_CONVERSION = YES;
				CLANG_WARN_NON_LITERAL_NULL_CONVERSION = YES;
				CLANG_WARN_OBJC_IMPLICIT_RETAIN_SELF = YES;
				CLANG_WARN_OBJC_LITERAL_CONVERSION = YES;
				CLANG_WARN_OBJC_ROOT_CLASS = YES_ERROR;
				CLANG_WARN_QUOTED_INCLUDE_IN_FRAMEWORK_HEADER = YES;
				CLANG_WARN_RANGE_LOOP_ANALYSIS = YES;
				CLANG_WARN_STRICT_PROTOTYPES = YES;
				CLANG_WARN_SUSPICIOUS_MOVE = YES;
				CLANG_WARN_UNGUARDED_AVAILABILITY = YES_AGGRESSIVE;
				CLANG_WARN_UNREACHABLE_CODE = YES;
				CLANG_WARN__DUPLICATE_METHOD_MATCH = YES;
				COPY_PHASE_STRIP = NO;
				DEBUG_INFORMATION_FORMAT = dwarf;
				ENABLE_STRICT_OBJC_MSGSEND = YES;
				ENABLE_TESTABILITY = YES;
				ENABLE_USER_SCRIPT_SANDBOXING = YES;
				GCC_C_LANGUAGE_STANDARD = gnu17;
				GCC_DYNAMIC_NO_PIC = NO;
				GCC_NO_COMMON_BLOCKS = YES;
				GCC_OPTIMIZATION_LEVEL = 0;
				GCC_PREPROCESSOR_DEFINITIONS = (
					"DEBUG=1",
					"$(inherited)",
				);
				GCC_WARN_64_TO_32_BIT_CONVERSION = YES;
				GCC_WARN_ABOUT_RETURN_TYPE = YES_ERROR;
				GCC_WARN_UNDECLARED_SELECTOR = YES;
				GCC_WARN_UNINITIALIZED_AUTOS = YES_AGGRESSIVE;
				GCC_WARN_UNUSED_FUNCTION = YES;
				GCC_WARN_UNUSED_VARIABLE = YES;
				IPHONEOS_DEPLOYMENT_TARGET = 17.2;
				LOCALIZATION_PREFERS_STRING_CATALOGS = YES;
				MTL_ENABLE_DEBUG_INFO = INCLUDE_SOURCE;
				MTL_FAST_MATH = YES;
				ONLY_ACTIVE_ARCH = YES;
				SDKROOT = iphoneos;
				SWIFT_ACTIVE_COMPILATION_CONDITIONS = "DEBUG $(inherited)";
				SWIFT_OPTIMIZATION_LEVEL = "-Onone";
			};
			name = Debug;
		};
		3E16939D2B456B710066FF32 /* Release */ = {
			isa = XCBuildConfiguration;
			buildSettings = {
				ALWAYS_SEARCH_USER_PATHS = NO;
				ASSETCATALOG_COMPILER_GENERATE_SWIFT_ASSET_SYMBOL_EXTENSIONS = YES;
				CLANG_ANALYZER_NONNULL = YES;
				CLANG_ANALYZER_NUMBER_OBJECT_CONVERSION = YES_AGGRESSIVE;
				CLANG_CXX_LANGUAGE_STANDARD = "gnu++20";
				CLANG_ENABLE_MODULES = YES;
				CLANG_ENABLE_OBJC_ARC = YES;
				CLANG_ENABLE_OBJC_WEAK = YES;
				CLANG_WARN_BLOCK_CAPTURE_AUTORELEASING = YES;
				CLANG_WARN_BOOL_CONVERSION = YES;
				CLANG_WARN_COMMA = YES;
				CLANG_WARN_CONSTANT_CONVERSION = YES;
				CLANG_WARN_DEPRECATED_OBJC_IMPLEMENTATIONS = YES;
				CLANG_WARN_DIRECT_OBJC_ISA_USAGE = YES_ERROR;
				CLANG_WARN_DOCUMENTATION_COMMENTS = YES;
				CLANG_WARN_EMPTY_BODY = YES;
				CLANG_WARN_ENUM_CONVERSION = YES;
				CLANG_WARN_INFINITE_RECURSION = YES;
				CLANG_WARN_INT_CONVERSION = YES;
				CLANG_WARN_NON_LITERAL_NULL_CONVERSION = YES;
				CLANG_WARN_OBJC_IMPLICIT_RETAIN_SELF = YES;
				CLANG_WARN_OBJC_LITERAL_CONVERSION = YES;
				CLANG_WARN_OBJC_ROOT_CLASS = YES_ERROR;
				CLANG_WARN_QUOTED_INCLUDE_IN_FRAMEWORK_HEADER = YES;
				CLANG_WARN_RANGE_LOOP_ANALYSIS = YES;
				CLANG_WARN_STRICT_PROTOTYPES = YES;
				CLANG_WARN_SUSPICIOUS_MOVE = YES;
				CLANG_WARN_UNGUARDED_AVAILABILITY = YES_AGGRESSIVE;
				CLANG_WARN_UNREACHABLE_CODE = YES;
				CLANG_WARN__DUPLICATE_METHOD_MATCH = YES;
				COPY_PHASE_STRIP = NO;
				DEBUG_INFORMATION_FORMAT = "dwarf-with-dsym";
				ENABLE_NS_ASSERTIONS = NO;
				ENABLE_STRICT_OBJC_MSGSEND = YES;
				ENABLE_USER_SCRIPT_SANDBOXING = YES;
				GCC_C_LANGUAGE_STANDARD = gnu17;
				GCC_NO_COMMON_BLOCKS = YES;
				GCC_WARN_64_TO_32_BIT_CONVERSION = YES;
				GCC_WARN_ABOUT_RETURN_TYPE = YES_ERROR;
				GCC_WARN_UNDECLARED_SELECTOR = YES;
				GCC_WARN_UNINITIALIZED_AUTOS = YES_AGGRESSIVE;
				GCC_WARN_UNUSED_FUNCTION = YES;
				GCC_WARN_UNUSED_VARIABLE = YES;
				IPHONEOS_DEPLOYMENT_TARGET = 17.2;
				LOCALIZATION_PREFERS_STRING_CATALOGS = YES;
				MTL_ENABLE_DEBUG_INFO = NO;
				MTL_FAST_MATH = YES;
				SDKROOT = iphoneos;
				SWIFT_COMPILATION_MODE = wholemodule;
				VALIDATE_PRODUCT = YES;
			};
			name = Release;
		};
		3E16939F2B456B710066FF32 /* Debug */ = {
			isa = XCBuildConfiguration;
			buildSettings = {
				ASSETCATALOG_COMPILER_APPICON_NAME = AppIcon;
				ASSETCATALOG_COMPILER_GLOBAL_ACCENT_COLOR_NAME = AccentColor;
				CODE_SIGN_STYLE = Automatic;
				CURRENT_PROJECT_VERSION = 1;
				DEVELOPMENT_TEAM = WC2AB75W42;
				GENERATE_INFOPLIST_FILE = YES;
				INFOPLIST_FILE = Eodiyeo/Info.plist;
				INFOPLIST_KEY_NSLocationAlwaysAndWhenInUseUsageDescription = "지도에 사용자의 위치를 나타내고, 목표 지점과의 거리 파악을 위해 [사용자 위치 정보]가 필요합니다.  위치 권한을 허락해주세요. 해당 위치 정보는 서버로는 전송이 되지 않으며, 오직 사용자 로컬 기기에만 저장됩니다. ";
				INFOPLIST_KEY_NSLocationAlwaysUsageDescription = "지도에 사용자의 위치를 나타내고, 목표 지점과의 거리 파악을 위해 [사용자 위치 정보]가 필요합니다. 위치 권한을 허락해주세요. 해당 위치 정보는 서버로는 전송이 되지 않으며, 오직 사용자 로컬 기기에만 저장됩니다. ";
				INFOPLIST_KEY_NSLocationWhenInUseUsageDescription = "지도에 사용자의 위치를 나타내고, 목표 지점과의 거리 파악을 위해 [사용자 위치 정보]가 필요합니다. 위치 권한을 허락해주세요. 해당 위치 정보는 서버로는 전송이 되지 않으며, 오직 사용자 로컬 기기에만 저장됩니다. ";
				INFOPLIST_KEY_UIApplicationSupportsIndirectInputEvents = YES;
				INFOPLIST_KEY_UILaunchStoryboardName = LaunchScreen;
				INFOPLIST_KEY_UIMainStoryboardFile = Main;
				INFOPLIST_KEY_UIRequiresFullScreen = YES;
				INFOPLIST_KEY_UISupportedInterfaceOrientations_iPad = "UIInterfaceOrientationPortrait UIInterfaceOrientationPortraitUpsideDown UIInterfaceOrientationLandscapeLeft UIInterfaceOrientationLandscapeRight";
				INFOPLIST_KEY_UISupportedInterfaceOrientations_iPhone = "UIInterfaceOrientationPortrait UIInterfaceOrientationLandscapeLeft UIInterfaceOrientationLandscapeRight";
				LD_RUNPATH_SEARCH_PATHS = (
					"$(inherited)",
					"@executable_path/Frameworks",
				);
				MARKETING_VERSION = 2.0;
				PRODUCT_BUNDLE_IDENTIFIER = "jinyong-yun.Eodiyeo";
				PRODUCT_NAME = "$(TARGET_NAME)";
				SWIFT_EMIT_LOC_STRINGS = YES;
				SWIFT_VERSION = 5.0;
				TARGETED_DEVICE_FAMILY = "1,2";
			};
			name = Debug;
		};
		3E1693A02B456B710066FF32 /* Release */ = {
			isa = XCBuildConfiguration;
			buildSettings = {
				ASSETCATALOG_COMPILER_APPICON_NAME = AppIcon;
				ASSETCATALOG_COMPILER_GLOBAL_ACCENT_COLOR_NAME = AccentColor;
				CODE_SIGN_STYLE = Automatic;
				CURRENT_PROJECT_VERSION = 1;
				DEVELOPMENT_TEAM = WC2AB75W42;
				GENERATE_INFOPLIST_FILE = YES;
				INFOPLIST_FILE = Eodiyeo/Info.plist;
				INFOPLIST_KEY_NSLocationAlwaysAndWhenInUseUsageDescription = "지도에 사용자의 위치를 나타내고, 목표 지점과의 거리 파악을 위해 [사용자 위치 정보]가 필요합니다.  위치 권한을 허락해주세요. 해당 위치 정보는 서버로는 전송이 되지 않으며, 오직 사용자 로컬 기기에만 저장됩니다. ";
				INFOPLIST_KEY_NSLocationAlwaysUsageDescription = "지도에 사용자의 위치를 나타내고, 목표 지점과의 거리 파악을 위해 [사용자 위치 정보]가 필요합니다. 위치 권한을 허락해주세요. 해당 위치 정보는 서버로는 전송이 되지 않으며, 오직 사용자 로컬 기기에만 저장됩니다. ";
				INFOPLIST_KEY_NSLocationWhenInUseUsageDescription = "지도에 사용자의 위치를 나타내고, 목표 지점과의 거리 파악을 위해 [사용자 위치 정보]가 필요합니다. 위치 권한을 허락해주세요. 해당 위치 정보는 서버로는 전송이 되지 않으며, 오직 사용자 로컬 기기에만 저장됩니다. ";
				INFOPLIST_KEY_UIApplicationSupportsIndirectInputEvents = YES;
				INFOPLIST_KEY_UILaunchStoryboardName = LaunchScreen;
				INFOPLIST_KEY_UIMainStoryboardFile = Main;
				INFOPLIST_KEY_UIRequiresFullScreen = YES;
				INFOPLIST_KEY_UISupportedInterfaceOrientations_iPad = "UIInterfaceOrientationPortrait UIInterfaceOrientationPortraitUpsideDown UIInterfaceOrientationLandscapeLeft UIInterfaceOrientationLandscapeRight";
				INFOPLIST_KEY_UISupportedInterfaceOrientations_iPhone = "UIInterfaceOrientationPortrait UIInterfaceOrientationLandscapeLeft UIInterfaceOrientationLandscapeRight";
				LD_RUNPATH_SEARCH_PATHS = (
					"$(inherited)",
					"@executable_path/Frameworks",
				);
				MARKETING_VERSION = 2.0;
				PRODUCT_BUNDLE_IDENTIFIER = "jinyong-yun.Eodiyeo";
				PRODUCT_NAME = "$(TARGET_NAME)";
				SWIFT_EMIT_LOC_STRINGS = YES;
				SWIFT_VERSION = 5.0;
				TARGETED_DEVICE_FAMILY = "1,2";
			};
			name = Release;
		};
/* End XCBuildConfiguration section */

/* Begin XCConfigurationList section */
		3E1693852B456B6F0066FF32 /* Build configuration list for PBXProject "Eodiyeo" */ = {
			isa = XCConfigurationList;
			buildConfigurations = (
				3E16939C2B456B710066FF32 /* Debug */,
				3E16939D2B456B710066FF32 /* Release */,
			);
			defaultConfigurationIsVisible = 0;
			defaultConfigurationName = Release;
		};
		3E16939E2B456B710066FF32 /* Build configuration list for PBXNativeTarget "Eodiyeo" */ = {
			isa = XCConfigurationList;
			buildConfigurations = (
				3E16939F2B456B710066FF32 /* Debug */,
				3E1693A02B456B710066FF32 /* Release */,
			);
			defaultConfigurationIsVisible = 0;
			defaultConfigurationName = Release;
		};
/* End XCConfigurationList section */
	};
	rootObject = 3E1693822B456B6F0066FF32 /* Project object */;
}
